
Microsoft Visual Studio Solution File, Format Version 12.00
# Visual Studio 15
VisualStudioVersion = 15.0.26730.16
MinimumVisualStudioVersion = 10.0.40219.1
Project("{FAE04EC0-301F-11D3-BF4B-00C04F79EFBC}") = "Hospital Managment", "Hospital Managment\Hospital Managment.csproj", "{AD405E8E-0668-4224-8FFC-1A50C95291C4}"
EndProject
Project("{FAE04EC0-301F-11D3-BF4B-00C04F79EFBC}") = "DAO", "DAO\DAO.csproj", "{ED3465C7-9AC0-4398-AFBB-950B130BE43C}"
EndProject
Project("{FAE04EC0-301F-11D3-BF4B-00C04F79EFBC}") = "Buisness Logic Layer", "Buisness Logic Layer\Buisness Logic Layer.csproj", "{2E8E50C6-01D1-4962-A255-96B2365D6908}"
EndProject
Project("{FAE04EC0-301F-11D3-BF4B-00C04F79EFBC}") = "Model", "Model\Model.csproj", "{632C073E-3879-4E49-9549-452C12E0AF13}"
EndProject
Global
	GlobalSection(SolutionConfigurationPlatforms) = preSolution
		Debug|Any CPU = Debug|Any CPU
		Release|Any CPU = Release|Any CPU
	EndGlobalSection
	GlobalSection(ProjectConfigurationPlatforms) = postSolution
		{AD405E8E-0668-4224-8FFC-1A50C95291C4}.Debug|Any CPU.ActiveCfg = Debug|Any CPU
		{AD405E8E-0668-4224-8FFC-1A50C95291C4}.Debug|Any CPU.Build.0 = Debug|Any CPU
		{AD405E8E-0668-4224-8FFC-1A50C95291C4}.Release|Any CPU.ActiveCfg = Release|Any CPU
		{AD405E8E-0668-4224-8FFC-1A50C95291C4}.Release|Any CPU.Build.0 = Release|Any CPU
		{ED3465C7-9AC0-4398-AFBB-950B130BE43C}.Debug|Any CPU.ActiveCfg = Debug|Any CPU
		{ED3465C7-9AC0-4398-AFBB-950B130BE43C}.Debug|Any CPU.Build.0 = Debug|Any CPU
		{ED3465C7-9AC0-4398-AFBB-950B130BE43C}.Release|Any CPU.ActiveCfg = Release|Any CPU
		{ED3465C7-9AC0-4398-AFBB-950B130BE43C}.Release|Any CPU.Build.0 = Release|Any CPU
		{2E8E50C6-01D1-4962-A255-96B2365D6908}.Debug|Any CPU.ActiveCfg = Debug|Any CPU
		{2E8E50C6-01D1-4962-A255-96B2365D6908}.Debug|Any CPU.Build.0 = Debug|Any CPU
		{2E8E50C6-01D1-4962-A255-96B2365D6908}.Release|Any CPU.ActiveCfg = Release|Any CPU
		{2E8E50C6-01D1-4962-A255-96B2365D6908}.Release|Any CPU.Build.0 = Release|Any CPU
		{632C073E-3879-4E49-9549-452C12E0AF13}.Debug|Any CPU.ActiveCfg = Debug|Any CPU
		{632C073E-3879-4E49-9549-452C12E0AF13}.Debug|Any CPU.Build.0 = Debug|Any CPU
		{632C073E-3879-4E49-9549-452C12E0AF13}.Release|Any CPU.ActiveCfg = Release|Any CPU
		{632C073E-3879-4E49-9549-452C12E0AF13}.Release|Any CPU.Build.0 = Release|Any CPU
	EndGlobalSection
	GlobalSection(SolutionProperties) = preSolution
		HideSolutionNode = FALSE
	EndGlobalSection
	GlobalSection(ExtensibilityGlobals) = postSolution
		SolutionGuid = {4A527828-33D5-44A1-816D-7B88DAA97321}
	EndGlobalSection
EndGlobal
